
Microsoft Visual Studio Solution File, Format Version 12.00
# Visual Studio Version 17
VisualStudioVersion = 17.8.34525.116
MinimumVisualStudioVersion = 10.0.40219.1
Project("{FAE04EC0-301F-11D3-BF4B-00C04F79EFBC}") = "ArraysExamples", "ArraysExamples\ArraysExamples.csproj", "{7BAD5A7C-8C74-4971-88A1-AAB9D00A37F5}"
EndProject
Global
	GlobalSection(SolutionConfigurationPlatforms) = preSolution
		Debug|Any CPU = Debug|Any CPU
		Release|Any CPU = Release|Any CPU
	EndGlobalSection
	GlobalSection(ProjectConfigurationPlatforms) = postSolution
		{7BAD5A7C-8C74-4971-88A1-AAB9D00A37F5}.Debug|Any CPU.ActiveCfg = Debug|Any CPU
		{7BAD5A7C-8C74-4971-88A1-AAB9D00A37F5}.Debug|Any CPU.Build.0 = Debug|Any CPU
		{7BAD5A7C-8C74-4971-88A1-AAB9D00A37F5}.Release|Any CPU.ActiveCfg = Release|Any CPU
		{7BAD5A7C-8C74-4971-88A1-AAB9D00A37F5}.Release|Any CPU.Build.0 = Release|Any CPU
	EndGlobalSection
	GlobalSection(SolutionProperties) = preSolution
		HideSolutionNode = FALSE
	EndGlobalSection
	GlobalSection(ExtensibilityGlobals) = postSolution
		SolutionGuid = {61885718-A25D-431E-96CA-E6F2643911C0}
	EndGlobalSection
EndGlobal
