
Microsoft Visual Studio Solution File, Format Version 12.00
# Visual Studio Version 17
VisualStudioVersion = 17.8.34525.116
MinimumVisualStudioVersion = 10.0.40219.1
Project("{FAE04EC0-301F-11D3-BF4B-00C04F79EFBC}") = "CSharpInterfaceExample", "CSharpInterfaceExample\CSharpInterfaceExample.csproj", "{B5D8162D-4103-46FC-8A4F-70D3A2FB0DE2}"
EndProject
Global
	GlobalSection(SolutionConfigurationPlatforms) = preSolution
		Debug|Any CPU = Debug|Any CPU
		Release|Any CPU = Release|Any CPU
	EndGlobalSection
	GlobalSection(ProjectConfigurationPlatforms) = postSolution
		{B5D8162D-4103-46FC-8A4F-70D3A2FB0DE2}.Debug|Any CPU.ActiveCfg = Debug|Any CPU
		{B5D8162D-4103-46FC-8A4F-70D3A2FB0DE2}.Debug|Any CPU.Build.0 = Debug|Any CPU
		{B5D8162D-4103-46FC-8A4F-70D3A2FB0DE2}.Release|Any CPU.ActiveCfg = Release|Any CPU
		{B5D8162D-4103-46FC-8A4F-70D3A2FB0DE2}.Release|Any CPU.Build.0 = Release|Any CPU
	EndGlobalSection
	GlobalSection(SolutionProperties) = preSolution
		HideSolutionNode = FALSE
	EndGlobalSection
	GlobalSection(ExtensibilityGlobals) = postSolution
		SolutionGuid = {80AD0A0B-5C7A-46CB-A1C6-D43399D4FE8E}
	EndGlobalSection
EndGlobal
