
Microsoft Visual Studio Solution File, Format Version 12.00
# Visual Studio Version 17
VisualStudioVersion = 17.8.34525.116
MinimumVisualStudioVersion = 10.0.40219.1
Project("{FAE04EC0-301F-11D3-BF4B-00C04F79EFBC}") = "EnumExample", "EnumExample\EnumExample.csproj", "{7C64ED96-D338-4E8F-8AF3-624F9764E018}"
EndProject
Global
	GlobalSection(SolutionConfigurationPlatforms) = preSolution
		Debug|Any CPU = Debug|Any CPU
		Release|Any CPU = Release|Any CPU
	EndGlobalSection
	GlobalSection(ProjectConfigurationPlatforms) = postSolution
		{7C64ED96-D338-4E8F-8AF3-624F9764E018}.Debug|Any CPU.ActiveCfg = Debug|Any CPU
		{7C64ED96-D338-4E8F-8AF3-624F9764E018}.Debug|Any CPU.Build.0 = Debug|Any CPU
		{7C64ED96-D338-4E8F-8AF3-624F9764E018}.Release|Any CPU.ActiveCfg = Release|Any CPU
		{7C64ED96-D338-4E8F-8AF3-624F9764E018}.Release|Any CPU.Build.0 = Release|Any CPU
	EndGlobalSection
	GlobalSection(SolutionProperties) = preSolution
		HideSolutionNode = FALSE
	EndGlobalSection
	GlobalSection(ExtensibilityGlobals) = postSolution
		SolutionGuid = {2989862F-9A10-4981-80FC-EEC03ACE8B1D}
	EndGlobalSection
EndGlobal
