
Microsoft Visual Studio Solution File, Format Version 12.00
# Visual Studio Version 17
VisualStudioVersion = 17.8.34525.116
MinimumVisualStudioVersion = 10.0.40219.1
Project("{FAE04EC0-301F-11D3-BF4B-00C04F79EFBC}") = "LinqExampleCSharp", "LinqExampleCSharp\LinqExampleCSharp.csproj", "{78F99DEC-1EF6-4CB1-8835-33D4B2F91CCC}"
EndProject
Global
	GlobalSection(SolutionConfigurationPlatforms) = preSolution
		Debug|Any CPU = Debug|Any CPU
		Release|Any CPU = Release|Any CPU
	EndGlobalSection
	GlobalSection(ProjectConfigurationPlatforms) = postSolution
		{78F99DEC-1EF6-4CB1-8835-33D4B2F91CCC}.Debug|Any CPU.ActiveCfg = Debug|Any CPU
		{78F99DEC-1EF6-4CB1-8835-33D4B2F91CCC}.Debug|Any CPU.Build.0 = Debug|Any CPU
		{78F99DEC-1EF6-4CB1-8835-33D4B2F91CCC}.Release|Any CPU.ActiveCfg = Release|Any CPU
		{78F99DEC-1EF6-4CB1-8835-33D4B2F91CCC}.Release|Any CPU.Build.0 = Release|Any CPU
	EndGlobalSection
	GlobalSection(SolutionProperties) = preSolution
		HideSolutionNode = FALSE
	EndGlobalSection
	GlobalSection(ExtensibilityGlobals) = postSolution
		SolutionGuid = {D48A6C8A-FE98-4E94-95DC-FB84D21F3B41}
	EndGlobalSection
EndGlobal
