
Microsoft Visual Studio Solution File, Format Version 12.00
# Visual Studio Version 17
VisualStudioVersion = 17.9.34607.119
MinimumVisualStudioVersion = 10.0.40219.1
Project("{FAE04EC0-301F-11D3-BF4B-00C04F79EFBC}") = "StringExamples", "StringExamples\StringExamples.csproj", "{FC0FAD14-097D-4FC6-B036-B15331A64595}"
EndProject
Global
	GlobalSection(SolutionConfigurationPlatforms) = preSolution
		Debug|Any CPU = Debug|Any CPU
		Release|Any CPU = Release|Any CPU
	EndGlobalSection
	GlobalSection(ProjectConfigurationPlatforms) = postSolution
		{FC0FAD14-097D-4FC6-B036-B15331A64595}.Debug|Any CPU.ActiveCfg = Debug|Any CPU
		{FC0FAD14-097D-4FC6-B036-B15331A64595}.Debug|Any CPU.Build.0 = Debug|Any CPU
		{FC0FAD14-097D-4FC6-B036-B15331A64595}.Release|Any CPU.ActiveCfg = Release|Any CPU
		{FC0FAD14-097D-4FC6-B036-B15331A64595}.Release|Any CPU.Build.0 = Release|Any CPU
	EndGlobalSection
	GlobalSection(SolutionProperties) = preSolution
		HideSolutionNode = FALSE
	EndGlobalSection
	GlobalSection(ExtensibilityGlobals) = postSolution
		SolutionGuid = {CE6F5C7B-91AF-4F3E-93D7-C1CD572C3A59}
	EndGlobalSection
EndGlobal
