
Microsoft Visual Studio Solution File, Format Version 12.00
# Visual Studio Version 17
VisualStudioVersion = 17.9.34607.119
MinimumVisualStudioVersion = 10.0.40219.1
Project("{FAE04EC0-301F-11D3-BF4B-00C04F79EFBC}") = "ExternalLibrarySecond", "ExternalLibrarySecond\ExternalLibrarySecond.csproj", "{720FB4A6-62B0-4FFE-8DF8-C05EEE77E932}"
EndProject
Global
	GlobalSection(SolutionConfigurationPlatforms) = preSolution
		Debug|Any CPU = Debug|Any CPU
		Release|Any CPU = Release|Any CPU
	EndGlobalSection
	GlobalSection(ProjectConfigurationPlatforms) = postSolution
		{720FB4A6-62B0-4FFE-8DF8-C05EEE77E932}.Debug|Any CPU.ActiveCfg = Debug|Any CPU
		{720FB4A6-62B0-4FFE-8DF8-C05EEE77E932}.Debug|Any CPU.Build.0 = Debug|Any CPU
		{720FB4A6-62B0-4FFE-8DF8-C05EEE77E932}.Release|Any CPU.ActiveCfg = Release|Any CPU
		{720FB4A6-62B0-4FFE-8DF8-C05EEE77E932}.Release|Any CPU.Build.0 = Release|Any CPU
	EndGlobalSection
	GlobalSection(SolutionProperties) = preSolution
		HideSolutionNode = FALSE
	EndGlobalSection
	GlobalSection(ExtensibilityGlobals) = postSolution
		SolutionGuid = {E87AEBE1-7DD3-4C2A-B286-6EC887E5FA5C}
	EndGlobalSection
EndGlobal
