
Microsoft Visual Studio Solution File, Format Version 12.00
# Visual Studio Version 17
VisualStudioVersion = 17.9.34616.47
MinimumVisualStudioVersion = 10.0.40219.1
Project("{FAE04EC0-301F-11D3-BF4B-00C04F79EFBC}") = "Exceptions_February_29", "Exceptions_February_29\Exceptions_February_29.csproj", "{90B2D014-EED9-4AE1-9668-91BD560AA336}"
EndProject
Global
	GlobalSection(SolutionConfigurationPlatforms) = preSolution
		Debug|Any CPU = Debug|Any CPU
		Release|Any CPU = Release|Any CPU
	EndGlobalSection
	GlobalSection(ProjectConfigurationPlatforms) = postSolution
		{90B2D014-EED9-4AE1-9668-91BD560AA336}.Debug|Any CPU.ActiveCfg = Debug|Any CPU
		{90B2D014-EED9-4AE1-9668-91BD560AA336}.Debug|Any CPU.Build.0 = Debug|Any CPU
		{90B2D014-EED9-4AE1-9668-91BD560AA336}.Release|Any CPU.ActiveCfg = Release|Any CPU
		{90B2D014-EED9-4AE1-9668-91BD560AA336}.Release|Any CPU.Build.0 = Release|Any CPU
	EndGlobalSection
	GlobalSection(SolutionProperties) = preSolution
		HideSolutionNode = FALSE
	EndGlobalSection
	GlobalSection(ExtensibilityGlobals) = postSolution
		SolutionGuid = {A316FB01-3A91-4629-89C3-0C83573D287A}
	EndGlobalSection
EndGlobal
